{
  "name": "BuildBoard",
  "lockfileVersion": 3,
  "requires": true,
  "packages": {
    "": {
      "dependencies": {
        "@stomp/stompjs": "^7.1.1",
        "jose": "^6.0.12"
      }
    },
    "node_modules/@stomp/stompjs": {
      "version": "7.1.1",
      "resolved": "https://registry.npmjs.org/@stomp/stompjs/-/stompjs-7.1.1.tgz",
      "integrity": "sha512-chcDs6YkAnKp1FqzwhGvh3i7v0+/ytzqWdKYw6XzINEKAzke/iD00dNgFPWSZEqktHOK+C1gSzXhLkLbARIaZw==",
      "license": "Apache-2.0"
    },
    "node_modules/jose": {
      "version": "6.0.12",
      "resolved": "https://registry.npmjs.org/jose/-/jose-6.0.12.tgz",
      "integrity": "sha512-T8xypXs8CpmiIi78k0E+Lk7T2zlK4zDyg+o1CZ4AkOHgDg98ogdP2BeZ61lTFKFyoEwJ9RgAgN+SdM3iPgNonQ==",
      "license": "MIT",
      "funding": {
        "url": "https://github.com/sponsors/panva"
      }
    }
  }
}
